# THIS IS AN AUTOGENERATED FILE. DO NOT EDIT THIS FILE DIRECTLY.
# yarn lockfile v1


"@buttercup/fetch@^0.1.0":
  version "0.1.0"
  resolved "https://registry.yarnpkg.com/@buttercup/fetch/-/fetch-0.1.0.tgz#2c2dd34ac0758927dc612832b2834d9c42fd8d71"
  integrity sha512-jkV4NLlE9BGQPgY+0sGi4s41IfreHACIICGpM6YhTlJlGp8XC4W2VapMBxdPenTgzduLU30c12PTvRlxpzoqBw==
  optionalDependencies:
    node-fetch "^3.3.0"

balanced-match@^1.0.0:
  version "1.0.2"
  resolved "https://registry.yarnpkg.com/balanced-match/-/balanced-match-1.0.2.tgz#e83e3a7e3f300b34cb9d87f615fa0cbf357690ee"
  integrity sha512-3oSeUO0TMV67hN1AmbXsK4yaqU7tjiHlbxRDZOpH0KW9+CeX4bRAaX0Anxt0tx2MrpRpWwQaPwIlISEJhYU5Pw==

base-64@^1.0.0:
  version "1.0.0"
  resolved "https://registry.yarnpkg.com/base-64/-/base-64-1.0.0.tgz#09d0f2084e32a3fd08c2475b973788eee6ae8f4a"
  integrity sha512-kwDPIFCGx0NZHog36dj+tHiwP4QMzsZ3AgMViUBKI0+V5n4U0ufTCUMhnQ04diaRI8EX/QcPfql7zlhZ7j4zgg==

brace-expansion@^2.0.1:
  version "2.0.1"
  resolved "https://registry.yarnpkg.com/brace-expansion/-/brace-expansion-2.0.1.tgz#1edc459e0f0c548486ecf9fc99f2221364b9a0ae"
  integrity sha512-XnAIvQ8eM+kC6aULx6wuQiwVsnzsi9d3WxzV3FpWTGA19F621kwdbsAcFKXgKUHZWsy+mY6iL1sHTxWEFCytDA==
  dependencies:
    balanced-match "^1.0.0"

byte-length@^1.0.2:
  version "1.0.2"
  resolved "https://registry.yarnpkg.com/byte-length/-/byte-length-1.0.2.tgz#ba5a5909240b0121c079b7f7b15248d6f08223cc"
  integrity sha512-ovBpjmsgd/teRmgcPh23d4gJvxDoXtAzEL9xTfMU8Yc2kqCDb7L9jAG0XHl1nzuGl+h3ebCIF1i62UFyA9V/2Q==

charenc@0.0.2:
  version "0.0.2"
  resolved "https://registry.yarnpkg.com/charenc/-/charenc-0.0.2.tgz#c0a1d2f3a7092e03774bfa83f14c0fc5790a8667"
  integrity sha512-yrLQ/yVUFXkzg7EDQsPieE/53+0RlaWTs+wBrvW36cyilJ2SaDWfl4Yj7MtLTXleV9uEKefbAGUPv2/iWSooRA==

crypt@0.0.2:
  version "0.0.2"
  resolved "https://registry.yarnpkg.com/crypt/-/crypt-0.0.2.tgz#88d7ff7ec0dfb86f713dc87bbb42d044d3e6c41b"
  integrity sha512-mCxBlsHFYh9C+HVpiEacem8FEBnMXgU9gy4zmNC+SXAZNB/1idgp/aulFJ4FgCi7GPEVbfyng092GqL2k2rmow==

data-uri-to-buffer@^4.0.0:
  version "4.0.1"
  resolved "https://registry.yarnpkg.com/data-uri-to-buffer/-/data-uri-to-buffer-4.0.1.tgz#d8feb2b2881e6a4f58c2e08acfd0e2834e26222e"
  integrity sha512-0R9ikRb668HB7QDxT1vkpuUBtqc53YyAwMwGeUFKRojY/NWKvdZ+9UYtRfGmhqNbRkTSVpMbmyhXipFFv2cb/A==

fast-xml-parser@^3.19.0:
  version "3.21.1"
  resolved "https://registry.yarnpkg.com/fast-xml-parser/-/fast-xml-parser-3.21.1.tgz#152a1d51d445380f7046b304672dd55d15c9e736"
  integrity sha512-FTFVjYoBOZTJekiUsawGsSYV9QL0A+zDYCRj7y34IO6Jg+2IMYEtQa+bbictpdpV8dHxXywqU7C0gRDEOFtBFg==
  dependencies:
    strnum "^1.0.4"

fetch-blob@^3.1.2, fetch-blob@^3.1.4:
  version "3.2.0"
  resolved "https://registry.yarnpkg.com/fetch-blob/-/fetch-blob-3.2.0.tgz#f09b8d4bbd45adc6f0c20b7e787e793e309dcce9"
  integrity sha512-7yAQpD2UMJzLi1Dqv7qFYnPbaPx7ZfFK6PiIxQ4PfkGPyNyl2Ugx+a/umUonmKqjhM4DnfbMvdX6otXq83soQQ==
  dependencies:
    node-domexception "^1.0.0"
    web-streams-polyfill "^3.0.3"

formdata-polyfill@^4.0.10:
  version "4.0.10"
  resolved "https://registry.yarnpkg.com/formdata-polyfill/-/formdata-polyfill-4.0.10.tgz#24807c31c9d402e002ab3d8c720144ceb8848423"
  integrity sha512-buewHzMvYL29jdeQTVILecSaZKnt/RJWjoZCF5OW60Z67/GmSLBkOFM7qh1PI3zFNtJbaZL5eQu1vLfazOwj4g==
  dependencies:
    fetch-blob "^3.1.2"

he@^1.2.0:
  version "1.2.0"
  resolved "https://registry.yarnpkg.com/he/-/he-1.2.0.tgz#84ae65fa7eafb165fddb61566ae14baf05664f0f"
  integrity sha512-F/1DnUGPopORZi0ni+CvrCgHQ5FyEAHRLSApuYWMmrbSwoN2Mn/7k+Gl38gJnR7yyDZk6WLXwiGod1JOWNDKGw==

hot-patcher@^2.0.0:
  version "2.0.0"
  resolved "https://registry.yarnpkg.com/hot-patcher/-/hot-patcher-2.0.0.tgz#10a21b5bb4f5757316c41fc98794c11192a0a41e"
  integrity sha512-rwJ0ZqSFgm+5oD0KiGBVinyPWRJESRSsHlEWDzZjyOe/OfhD9tynHqUyUIGX2fWuV+BihW4nXxeoZRJVHid64w==

is-buffer@~1.1.6:
  version "1.1.6"
  resolved "https://registry.yarnpkg.com/is-buffer/-/is-buffer-1.1.6.tgz#efaa2ea9daa0d7ab2ea13a97b2b8ad51fefbe8be"
  integrity sha512-NcdALwpXkTm5Zvvbk7owOUSvVvBKDgKP5/ewfXEznmQFfs4ZRmanOeKBTjRVjka3QFoN6XJ+9F3USqfHqTaU5w==

layerr@^0.1.2:
  version "0.1.2"
  resolved "https://registry.yarnpkg.com/layerr/-/layerr-0.1.2.tgz#16c8e7fb042d3595ab15492bdad088f31d7afd15"
  integrity sha512-ob5kTd9H3S4GOG2nVXyQhOu9O8nBgP555XxWPkJI0tR0JeRilfyTp8WtPdIJHLXBmHMSdEq5+KMxiYABeScsIQ==

md5@^2.3.0:
  version "2.3.0"
  resolved "https://registry.yarnpkg.com/md5/-/md5-2.3.0.tgz#c3da9a6aae3a30b46b7b0c349b87b110dc3bda4f"
  integrity sha512-T1GITYmFaKuO91vxyoQMFETst+O71VUPEU3ze5GNzDm0OWdP8v1ziTaAEPUr/3kLsY3Sftgz242A1SetQiDL7g==
  dependencies:
    charenc "0.0.2"
    crypt "0.0.2"
    is-buffer "~1.1.6"

minimatch@^5.1.0:
  version "5.1.6"
  resolved "https://registry.yarnpkg.com/minimatch/-/minimatch-5.1.6.tgz#1cfcb8cf5522ea69952cd2af95ae09477f122a96"
  integrity sha512-lKwV/1brpG6mBUFHtb7NUmtABCb2WZZmm2wNiOA5hAb8VdCS4B3dtMWyvcoViccwAW/COERjXLt0zP1zXUN26g==
  dependencies:
    brace-expansion "^2.0.1"

nested-property@^4.0.0:
  version "4.0.0"
  resolved "https://registry.yarnpkg.com/nested-property/-/nested-property-4.0.0.tgz#a67b5a31991e701e03cdbaa6453bc5b1011bb88d"
  integrity sha512-yFehXNWRs4cM0+dz7QxCd06hTbWbSkV0ISsqBfkntU6TOY4Qm3Q88fRRLOddkGh2Qq6dZvnKVAahfhjcUvLnyA==

node-domexception@^1.0.0:
  version "1.0.0"
  resolved "https://registry.yarnpkg.com/node-domexception/-/node-domexception-1.0.0.tgz#6888db46a1f71c0b76b3f7555016b63fe64766e5"
  integrity sha512-/jKZoMpw0F8GRwl4/eLROPA3cfcXtLApP0QzLmUT/HuPCZWyB7IY9ZrMeKw2O/nFIqPQB3PVM9aYm0F312AXDQ==

node-fetch@^3.3.0:
  version "3.3.1"
  resolved "https://registry.yarnpkg.com/node-fetch/-/node-fetch-3.3.1.tgz#b3eea7b54b3a48020e46f4f88b9c5a7430d20b2e"
  integrity sha512-cRVc/kyto/7E5shrWca1Wsea4y6tL9iYJE5FBCius3JQfb/4P4I295PfhgbJQBLTx6lATE4z+wK0rPM4VS2uow==
  dependencies:
    data-uri-to-buffer "^4.0.0"
    fetch-blob "^3.1.4"
    formdata-polyfill "^4.0.10"

path-posix@^1.0.0:
  version "1.0.0"
  resolved "https://registry.yarnpkg.com/path-posix/-/path-posix-1.0.0.tgz#06b26113f56beab042545a23bfa88003ccac260f"
  integrity sha512-1gJ0WpNIiYcQydgg3Ed8KzvIqTsDpNwq+cjBCssvBtuTWjEqY1AW+i+OepiEMqDCzyro9B2sLAe4RBPajMYFiA==

querystringify@^2.1.1:
  version "2.2.0"
  resolved "https://registry.yarnpkg.com/querystringify/-/querystringify-2.2.0.tgz#3345941b4153cb9d082d8eee4cda2016a9aef7f6"
  integrity sha512-FIqgj2EUvTa7R50u0rGsyTftzjYmv/a3hO345bZNrqabNqjtgiDMgmo4mkUjd+nzU5oF3dClKqFIPUKybUyqoQ==

requires-port@^1.0.0:
  version "1.0.0"
  resolved "https://registry.yarnpkg.com/requires-port/-/requires-port-1.0.0.tgz#925d2601d39ac485e091cf0da5c6e694dc3dcaff"
  integrity sha512-KigOCHcocU3XODJxsu8i/j8T9tzT4adHiecwORRQ0ZZFcp7ahwXuRU1m+yuO90C5ZUyGeGfocHDI14M3L3yDAQ==

strnum@^1.0.4:
  version "1.0.5"
  resolved "https://registry.yarnpkg.com/strnum/-/strnum-1.0.5.tgz#5c4e829fe15ad4ff0d20c3db5ac97b73c9b072db"
  integrity sha512-J8bbNyKKXl5qYcR36TIO8W3mVGVHrmmxsd5PAItGkmyzwJvybiw2IVq5nqd0i4LSNSkB/sx9VHllbfFdr9k1JA==

url-join@^4.0.1:
  version "4.0.1"
  resolved "https://registry.yarnpkg.com/url-join/-/url-join-4.0.1.tgz#b642e21a2646808ffa178c4c5fda39844e12cde7"
  integrity sha512-jk1+QP6ZJqyOiuEI9AEWQfju/nB2Pw466kbA0LEZljHwKeMgd9WrAEgEGxjPDD2+TNbbb37rTyhEfrCXfuKXnA==

url-parse@^1.5.10:
  version "1.5.10"
  resolved "https://registry.yarnpkg.com/url-parse/-/url-parse-1.5.10.tgz#9d3c2f736c1d75dd3bd2be507dcc111f1e2ea9c1"
  integrity sha512-WypcfiRhfeUP9vvF0j6rw0J3hrWrw6iZv3+22h6iRMJ/8z1Tj6XfLP4DsUix5MhMPnXpiHDoKyoZ/bdCkwBCiQ==
  dependencies:
    querystringify "^2.1.1"
    requires-port "^1.0.0"

web-streams-polyfill@^3.0.3:
  version "3.2.1"
  resolved "https://registry.yarnpkg.com/web-streams-polyfill/-/web-streams-polyfill-3.2.1.tgz#71c2718c52b45fd49dbeee88634b3a60ceab42a6"
  integrity sha512-e0MO3wdXWKrLbL0DgGnUV7WHVuw9OUvL4hjgnPkIeEvESk74gAITi5G606JtZPp39cd8HA9VQzCIvA49LpPN5Q==

webdav@^5.0.0-r3:
  version "5.0.0-r3"
  resolved "https://registry.yarnpkg.com/webdav/-/webdav-5.0.0-r3.tgz#647d76fb84e9998bae5e0c4fde6c3893be4d2612"
  integrity sha512-UGVbBWlZ2GudtRFgWiDeF/irk+vjncnlwnflsJW9+HNz0gBXO1CBlACQeyThcCck32VxyLHsw8M5MdAg28kSFw==
  dependencies:
    "@buttercup/fetch" "^0.1.0"
    base-64 "^1.0.0"
    byte-length "^1.0.2"
    fast-xml-parser "^3.19.0"
    he "^1.2.0"
    hot-patcher "^2.0.0"
    layerr "^0.1.2"
    md5 "^2.3.0"
    minimatch "^5.1.0"
    nested-property "^4.0.0"
    path-posix "^1.0.0"
    url-join "^4.0.1"
    url-parse "^1.5.10"
